# THIS IS AN AUTOGENERATED FILE. DO NOT EDIT THIS FILE DIRECTLY.
# yarn lockfile v1


lodash@*:
  version "4.17.3"
  resolved "https://registry.yarnpkg.com/lodash/-/lodash-4.17.3.tgz#557ed7d2a9438cac5fd5a43043ca60cb455e01f7"

raspicam@^0.2.13:
  version "0.2.13"
  resolved "https://registry.yarnpkg.com/raspicam/-/raspicam-0.2.13.tgz#06a9f8ae32ab95a7249c96620021d8df2b1c8561"
  dependencies:
    lodash "*"
